
Microsoft Visual Studio Solution File, Format Version 12.00
# Visual Studio Version 16
VisualStudioVersion = 16.0.32630.194
MinimumVisualStudioVersion = 10.0.40219.1
Project("{FAE04EC0-301F-11D3-BF4B-00C04F79EFBC}") = "Piedra_Papel_Tijera", "Piedra_Papel_Tijera\Piedra_Papel_Tijera.csproj", "{7D07A95B-92CC-4625-BACD-1CCB6973192A}"
EndProject
Global
	GlobalSection(SolutionConfigurationPlatforms) = preSolution
		Debug|Any CPU = Debug|Any CPU
		Release|Any CPU = Release|Any CPU
	EndGlobalSection
	GlobalSection(ProjectConfigurationPlatforms) = postSolution
		{7D07A95B-92CC-4625-BACD-1CCB6973192A}.Debug|Any CPU.ActiveCfg = Debug|Any CPU
		{7D07A95B-92CC-4625-BACD-1CCB6973192A}.Debug|Any CPU.Build.0 = Debug|Any CPU
		{7D07A95B-92CC-4625-BACD-1CCB6973192A}.Release|Any CPU.ActiveCfg = Release|Any CPU
		{7D07A95B-92CC-4625-BACD-1CCB6973192A}.Release|Any CPU.Build.0 = Release|Any CPU
	EndGlobalSection
	GlobalSection(SolutionProperties) = preSolution
		HideSolutionNode = FALSE
	EndGlobalSection
	GlobalSection(ExtensibilityGlobals) = postSolution
		SolutionGuid = {6F8EF7D2-3692-4821-8153-ADB68B2ECF2F}
	EndGlobalSection
EndGlobal
